
Microsoft Visual Studio Solution File, Format Version 11.00
# Visual Studio 2010
Project("{FAE04EC0-301F-11D3-BF4B-00C04F79EFBC}") = "TimeLines", "TimeLines\TimeLines.csproj", "{968488D5-5952-4A0E-8B49-CD0C22C3D288}"
EndProject
Global
	GlobalSection(SolutionConfigurationPlatforms) = preSolution
		Debug|Any CPU = Debug|Any CPU
		Release|Any CPU = Release|Any CPU
	EndGlobalSection
	GlobalSection(ProjectConfigurationPlatforms) = postSolution
		{968488D5-5952-4A0E-8B49-CD0C22C3D288}.Debug|Any CPU.ActiveCfg = Debug|Any CPU
		{968488D5-5952-4A0E-8B49-CD0C22C3D288}.Debug|Any CPU.Build.0 = Debug|Any CPU
		{968488D5-5952-4A0E-8B49-CD0C22C3D288}.Release|Any CPU.ActiveCfg = Release|Any CPU
		{968488D5-5952-4A0E-8B49-CD0C22C3D288}.Release|Any CPU.Build.0 = Release|Any CPU
	EndGlobalSection
	GlobalSection(SolutionProperties) = preSolution
		HideSolutionNode = FALSE
	EndGlobalSection
EndGlobal
