
Microsoft Visual Studio Solution File, Format Version 11.00
# Visual Studio 2010
Project("{FAE04EC0-301F-11D3-BF4B-00C04F79EFBC}") = "TickDataChecker", "TickDataChecker\TickDataChecker.csproj", "{ED340C6B-9317-4580-AF23-D983952888FB}"
EndProject
Global
	GlobalSection(SolutionConfigurationPlatforms) = preSolution
		Debug|Any CPU = Debug|Any CPU
		Release|Any CPU = Release|Any CPU
	EndGlobalSection
	GlobalSection(ProjectConfigurationPlatforms) = postSolution
		{ED340C6B-9317-4580-AF23-D983952888FB}.Debug|Any CPU.ActiveCfg = Debug|Any CPU
		{ED340C6B-9317-4580-AF23-D983952888FB}.Debug|Any CPU.Build.0 = Debug|Any CPU
		{ED340C6B-9317-4580-AF23-D983952888FB}.Release|Any CPU.ActiveCfg = Release|Any CPU
		{ED340C6B-9317-4580-AF23-D983952888FB}.Release|Any CPU.Build.0 = Release|Any CPU
	EndGlobalSection
	GlobalSection(SolutionProperties) = preSolution
		HideSolutionNode = FALSE
	EndGlobalSection
EndGlobal
