
Microsoft Visual Studio Solution File, Format Version 12.00
# Visual Studio 15
VisualStudioVersion = 15.0.27703.2047
MinimumVisualStudioVersion = 10.0.40219.1
Project("{FAE04EC0-301F-11D3-BF4B-00C04F79EFBC}") = "Belkhayate Combined", "Belkhayate Combined\Belkhayate Combined.csproj", "{AE9E5C92-6D3B-4231-AB39-1295DA951F3A}"
EndProject
Project("{FAE04EC0-301F-11D3-BF4B-00C04F79EFBC}") = "Belkhayate Polynomial Regression X", "..\Belkhayate Polynomial Regression X\Belkhayate Polynomial Regression X\Belkhayate Polynomial Regression X.csproj", "{A7340530-F6D5-42F3-A46B-6206CA34CBD2}"
EndProject
Project("{FAE04EC0-301F-11D3-BF4B-00C04F79EFBC}") = "Belkhayate Timing X", "..\Belkhayate Timing X\Belkhayate Timing X\Belkhayate Timing X.csproj", "{263520FE-3EC6-4DC0-BD27-8FF02E333CE1}"
EndProject
Global
	GlobalSection(SolutionConfigurationPlatforms) = preSolution
		Debug|Any CPU = Debug|Any CPU
		Release|Any CPU = Release|Any CPU
	EndGlobalSection
	GlobalSection(ProjectConfigurationPlatforms) = postSolution
		{AE9E5C92-6D3B-4231-AB39-1295DA951F3A}.Debug|Any CPU.ActiveCfg = Debug|Any CPU
		{AE9E5C92-6D3B-4231-AB39-1295DA951F3A}.Debug|Any CPU.Build.0 = Debug|Any CPU
		{AE9E5C92-6D3B-4231-AB39-1295DA951F3A}.Release|Any CPU.ActiveCfg = Release|Any CPU
		{AE9E5C92-6D3B-4231-AB39-1295DA951F3A}.Release|Any CPU.Build.0 = Release|Any CPU
		{A7340530-F6D5-42F3-A46B-6206CA34CBD2}.Debug|Any CPU.ActiveCfg = Debug|Any CPU
		{A7340530-F6D5-42F3-A46B-6206CA34CBD2}.Debug|Any CPU.Build.0 = Debug|Any CPU
		{A7340530-F6D5-42F3-A46B-6206CA34CBD2}.Release|Any CPU.ActiveCfg = Release|Any CPU
		{A7340530-F6D5-42F3-A46B-6206CA34CBD2}.Release|Any CPU.Build.0 = Release|Any CPU
		{263520FE-3EC6-4DC0-BD27-8FF02E333CE1}.Debug|Any CPU.ActiveCfg = Debug|Any CPU
		{263520FE-3EC6-4DC0-BD27-8FF02E333CE1}.Debug|Any CPU.Build.0 = Debug|Any CPU
		{263520FE-3EC6-4DC0-BD27-8FF02E333CE1}.Release|Any CPU.ActiveCfg = Release|Any CPU
		{263520FE-3EC6-4DC0-BD27-8FF02E333CE1}.Release|Any CPU.Build.0 = Release|Any CPU
	EndGlobalSection
	GlobalSection(SolutionProperties) = preSolution
		HideSolutionNode = FALSE
	EndGlobalSection
	GlobalSection(ExtensibilityGlobals) = postSolution
		SolutionGuid = {DC400C0F-0FDA-4012-9745-32C7BA42D995}
	EndGlobalSection
EndGlobal
